
Microsoft Visual Studio Solution File, Format Version 12.00
# Visual Studio 15
VisualStudioVersion = 15.0.28307.1525
MinimumVisualStudioVersion = 10.0.40219.1
Project("{159641D6-6404-4A2A-AE62-294DE0FE8301}") = "ETL_Pagos", "ETL_Pagos\ETL_Pagos.dtproj", "{84675092-F988-47C0-A124-5293AC6CED10}"
EndProject
Global
	GlobalSection(SolutionConfigurationPlatforms) = preSolution
		Development|Default = Development|Default
	EndGlobalSection
	GlobalSection(ProjectConfigurationPlatforms) = postSolution
		{84675092-F988-47C0-A124-5293AC6CED10}.Development|Default.ActiveCfg = Development
		{84675092-F988-47C0-A124-5293AC6CED10}.Development|Default.Build.0 = Development
	EndGlobalSection
	GlobalSection(SolutionProperties) = preSolution
		HideSolutionNode = FALSE
	EndGlobalSection
	GlobalSection(ExtensibilityGlobals) = postSolution
		SolutionGuid = {E4CBC31E-0FA7-4CAE-9EDF-8F5BD4EFC5C7}
	EndGlobalSection
EndGlobal
